
Microsoft Visual Studio Solution File, Format Version 12.00
# Visual Studio Version 16
VisualStudioVersion = 16.0.810.17
MinimumVisualStudioVersion = 10.0.40219.1
Project("{FAE04EC0-301F-11D3-BF4B-00C04F79EFBC}") = "Task02", "Task02\Task02.csproj", "{B4353FEA-7FB8-4BF0-8759-C90B99FDB946}"
EndProject
Global
	GlobalSection(SolutionConfigurationPlatforms) = preSolution
		Debug|Any CPU = Debug|Any CPU
		Release|Any CPU = Release|Any CPU
	EndGlobalSection
	GlobalSection(ProjectConfigurationPlatforms) = postSolution
		{B4353FEA-7FB8-4BF0-8759-C90B99FDB946}.Debug|Any CPU.ActiveCfg = Debug|Any CPU
		{B4353FEA-7FB8-4BF0-8759-C90B99FDB946}.Debug|Any CPU.Build.0 = Debug|Any CPU
		{B4353FEA-7FB8-4BF0-8759-C90B99FDB946}.Release|Any CPU.ActiveCfg = Release|Any CPU
		{B4353FEA-7FB8-4BF0-8759-C90B99FDB946}.Release|Any CPU.Build.0 = Release|Any CPU
	EndGlobalSection
	GlobalSection(SolutionProperties) = preSolution
		HideSolutionNode = FALSE
	EndGlobalSection
	GlobalSection(ExtensibilityGlobals) = postSolution
		SolutionGuid = {7D541070-B8D8-4B81-BDBB-BD889633A9E2}
	EndGlobalSection
EndGlobal
