
Microsoft Visual Studio Solution File, Format Version 12.00
# Visual Studio Version 16
VisualStudioVersion = 16.0.810.17
MinimumVisualStudioVersion = 10.0.40219.1
Project("{FAE04EC0-301F-11D3-BF4B-00C04F79EFBC}") = "Task05", "Task05\Task05.csproj", "{AF49D73B-3B54-4386-A57F-92D0702F0775}"
EndProject
Global
	GlobalSection(SolutionConfigurationPlatforms) = preSolution
		Debug|Any CPU = Debug|Any CPU
		Release|Any CPU = Release|Any CPU
	EndGlobalSection
	GlobalSection(ProjectConfigurationPlatforms) = postSolution
		{AF49D73B-3B54-4386-A57F-92D0702F0775}.Debug|Any CPU.ActiveCfg = Debug|Any CPU
		{AF49D73B-3B54-4386-A57F-92D0702F0775}.Debug|Any CPU.Build.0 = Debug|Any CPU
		{AF49D73B-3B54-4386-A57F-92D0702F0775}.Release|Any CPU.ActiveCfg = Release|Any CPU
		{AF49D73B-3B54-4386-A57F-92D0702F0775}.Release|Any CPU.Build.0 = Release|Any CPU
	EndGlobalSection
	GlobalSection(SolutionProperties) = preSolution
		HideSolutionNode = FALSE
	EndGlobalSection
	GlobalSection(ExtensibilityGlobals) = postSolution
		SolutionGuid = {369BFA49-72F2-474B-B957-620EDB44B89D}
	EndGlobalSection
EndGlobal
